
Microsoft Visual Studio Solution File, Format Version 12.00
# Visual Studio 2013
VisualStudioVersion = 12.0.30110.0
MinimumVisualStudioVersion = 10.0.40219.1
Project("{FAE04EC0-301F-11D3-BF4B-00C04F79EFBC}") = "HaveIBeenPwned.Mobile.Core", "HaveIBeenPwned.Mobile.Core\HaveIBeenPwned.Mobile.Core.csproj", "{E7A7D16D-C880-406D-B418-185EF62BA151}"
EndProject
Project("{FAE04EC0-301F-11D3-BF4B-00C04F79EFBC}") = "HaveIBeenPwned.Mobile.Droid", "HaveIBeenPwned.Mobile.Droid\HaveIBeenPwned.Mobile.Droid.csproj", "{D16155C3-8DB0-4352-89EE-6D54435B0C48}"
EndProject
Project("{FAE04EC0-301F-11D3-BF4B-00C04F79EFBC}") = "HaveIBeenPwned.Mobile.Touch", "HaveIBeenPwned.Mobile.Touch\HaveIBeenPwned.Mobile.Touch.csproj", "{BDDAA02D-B50F-45FB-9CC3-7B2C024ADE7C}"
EndProject
Project("{FAE04EC0-301F-11D3-BF4B-00C04F79EFBC}") = "HaveIBeenPwned.Mobile.WinPhone", "HaveIBeenPwned.Mobile.WinPhone\HaveIBeenPwned.Mobile.WinPhone.csproj", "{7EE1998E-D410-4BFD-B395-D9281CA44CF0}"
EndProject
Project("{FAE04EC0-301F-11D3-BF4B-00C04F79EFBC}") = "HaveIBeenPwned.Mobile.WinRT", "HaveIBeenPwned.Mobile.WinRT\HaveIBeenPwned.Mobile.WinRT.csproj", "{25A8A7E2-CED5-4D80-BD89-2D9F8BDB60FF}"
EndProject
Global
	GlobalSection(SolutionConfigurationPlatforms) = preSolution
		Ad-Hoc|Any CPU = Ad-Hoc|Any CPU
		Ad-Hoc|ARM = Ad-Hoc|ARM
		Ad-Hoc|iPhone = Ad-Hoc|iPhone
		Ad-Hoc|iPhoneSimulator = Ad-Hoc|iPhoneSimulator
		Ad-Hoc|Mixed Platforms = Ad-Hoc|Mixed Platforms
		Ad-Hoc|x64 = Ad-Hoc|x64
		Ad-Hoc|x86 = Ad-Hoc|x86
		AppStore|Any CPU = AppStore|Any CPU
		AppStore|ARM = AppStore|ARM
		AppStore|iPhone = AppStore|iPhone
		AppStore|iPhoneSimulator = AppStore|iPhoneSimulator
		AppStore|Mixed Platforms = AppStore|Mixed Platforms
		AppStore|x64 = AppStore|x64
		AppStore|x86 = AppStore|x86
		Debug|Any CPU = Debug|Any CPU
		Debug|ARM = Debug|ARM
		Debug|iPhone = Debug|iPhone
		Debug|iPhoneSimulator = Debug|iPhoneSimulator
		Debug|Mixed Platforms = Debug|Mixed Platforms
		Debug|x64 = Debug|x64
		Debug|x86 = Debug|x86
		Release|Any CPU = Release|Any CPU
		Release|ARM = Release|ARM
		Release|iPhone = Release|iPhone
		Release|iPhoneSimulator = Release|iPhoneSimulator
		Release|Mixed Platforms = Release|Mixed Platforms
		Release|x64 = Release|x64
		Release|x86 = Release|x86
	EndGlobalSection
	GlobalSection(ProjectConfigurationPlatforms) = postSolution
		{E7A7D16D-C880-406D-B418-185EF62BA151}.Ad-Hoc|Any CPU.ActiveCfg = Release|Any CPU
		{E7A7D16D-C880-406D-B418-185EF62BA151}.Ad-Hoc|Any CPU.Build.0 = Release|Any CPU
		{E7A7D16D-C880-406D-B418-185EF62BA151}.Ad-Hoc|ARM.ActiveCfg = Release|Any CPU
		{E7A7D16D-C880-406D-B418-185EF62BA151}.Ad-Hoc|iPhone.ActiveCfg = Release|Any CPU
		{E7A7D16D-C880-406D-B418-185EF62BA151}.Ad-Hoc|iPhoneSimulator.ActiveCfg = Release|Any CPU
		{E7A7D16D-C880-406D-B418-185EF62BA151}.Ad-Hoc|Mixed Platforms.ActiveCfg = Release|Any CPU
		{E7A7D16D-C880-406D-B418-185EF62BA151}.Ad-Hoc|Mixed Platforms.Build.0 = Release|Any CPU
		{E7A7D16D-C880-406D-B418-185EF62BA151}.Ad-Hoc|x64.ActiveCfg = Release|Any CPU
		{E7A7D16D-C880-406D-B418-185EF62BA151}.Ad-Hoc|x86.ActiveCfg = Release|Any CPU
		{E7A7D16D-C880-406D-B418-185EF62BA151}.AppStore|Any CPU.ActiveCfg = Release|Any CPU
		{E7A7D16D-C880-406D-B418-185EF62BA151}.AppStore|Any CPU.Build.0 = Release|Any CPU
		{E7A7D16D-C880-406D-B418-185EF62BA151}.AppStore|ARM.ActiveCfg = Release|Any CPU
		{E7A7D16D-C880-406D-B418-185EF62BA151}.AppStore|iPhone.ActiveCfg = Release|Any CPU
		{E7A7D16D-C880-406D-B418-185EF62BA151}.AppStore|iPhoneSimulator.ActiveCfg = Release|Any CPU
		{E7A7D16D-C880-406D-B418-185EF62BA151}.AppStore|Mixed Platforms.ActiveCfg = Release|Any CPU
		{E7A7D16D-C880-406D-B418-185EF62BA151}.AppStore|Mixed Platforms.Build.0 = Release|Any CPU
		{E7A7D16D-C880-406D-B418-185EF62BA151}.AppStore|x64.ActiveCfg = Release|Any CPU
		{E7A7D16D-C880-406D-B418-185EF62BA151}.AppStore|x86.ActiveCfg = Release|Any CPU
		{E7A7D16D-C880-406D-B418-185EF62BA151}.Debug|Any CPU.ActiveCfg = Debug|Any CPU
		{E7A7D16D-C880-406D-B418-185EF62BA151}.Debug|Any CPU.Build.0 = Debug|Any CPU
		{E7A7D16D-C880-406D-B418-185EF62BA151}.Debug|ARM.ActiveCfg = Debug|Any CPU
		{E7A7D16D-C880-406D-B418-185EF62BA151}.Debug|iPhone.ActiveCfg = Debug|Any CPU
		{E7A7D16D-C880-406D-B418-185EF62BA151}.Debug|iPhoneSimulator.ActiveCfg = Debug|Any CPU
		{E7A7D16D-C880-406D-B418-185EF62BA151}.Debug|Mixed Platforms.ActiveCfg = Debug|Any CPU
		{E7A7D16D-C880-406D-B418-185EF62BA151}.Debug|Mixed Platforms.Build.0 = Debug|Any CPU
		{E7A7D16D-C880-406D-B418-185EF62BA151}.Debug|x64.ActiveCfg = Debug|Any CPU
		{E7A7D16D-C880-406D-B418-185EF62BA151}.Debug|x86.ActiveCfg = Debug|Any CPU
		{E7A7D16D-C880-406D-B418-185EF62BA151}.Release|Any CPU.ActiveCfg = Release|Any CPU
		{E7A7D16D-C880-406D-B418-185EF62BA151}.Release|Any CPU.Build.0 = Release|Any CPU
		{E7A7D16D-C880-406D-B418-185EF62BA151}.Release|ARM.ActiveCfg = Release|Any CPU
		{E7A7D16D-C880-406D-B418-185EF62BA151}.Release|iPhone.ActiveCfg = Release|Any CPU
		{E7A7D16D-C880-406D-B418-185EF62BA151}.Release|iPhoneSimulator.ActiveCfg = Release|Any CPU
		{E7A7D16D-C880-406D-B418-185EF62BA151}.Release|Mixed Platforms.ActiveCfg = Release|Any CPU
		{E7A7D16D-C880-406D-B418-185EF62BA151}.Release|Mixed Platforms.Build.0 = Release|Any CPU
		{E7A7D16D-C880-406D-B418-185EF62BA151}.Release|x64.ActiveCfg = Release|Any CPU
		{E7A7D16D-C880-406D-B418-185EF62BA151}.Release|x86.ActiveCfg = Release|Any CPU
		{D16155C3-8DB0-4352-89EE-6D54435B0C48}.Ad-Hoc|Any CPU.ActiveCfg = Release|Any CPU
		{D16155C3-8DB0-4352-89EE-6D54435B0C48}.Ad-Hoc|Any CPU.Build.0 = Release|Any CPU
		{D16155C3-8DB0-4352-89EE-6D54435B0C48}.Ad-Hoc|Any CPU.Deploy.0 = Release|Any CPU
		{D16155C3-8DB0-4352-89EE-6D54435B0C48}.Ad-Hoc|ARM.ActiveCfg = Release|Any CPU
		{D16155C3-8DB0-4352-89EE-6D54435B0C48}.Ad-Hoc|iPhone.ActiveCfg = Release|Any CPU
		{D16155C3-8DB0-4352-89EE-6D54435B0C48}.Ad-Hoc|iPhoneSimulator.ActiveCfg = Release|Any CPU
		{D16155C3-8DB0-4352-89EE-6D54435B0C48}.Ad-Hoc|Mixed Platforms.ActiveCfg = Release|Any CPU
		{D16155C3-8DB0-4352-89EE-6D54435B0C48}.Ad-Hoc|Mixed Platforms.Build.0 = Release|Any CPU
		{D16155C3-8DB0-4352-89EE-6D54435B0C48}.Ad-Hoc|Mixed Platforms.Deploy.0 = Release|Any CPU
		{D16155C3-8DB0-4352-89EE-6D54435B0C48}.Ad-Hoc|x64.ActiveCfg = Release|Any CPU
		{D16155C3-8DB0-4352-89EE-6D54435B0C48}.Ad-Hoc|x86.ActiveCfg = Release|Any CPU
		{D16155C3-8DB0-4352-89EE-6D54435B0C48}.AppStore|Any CPU.ActiveCfg = Release|Any CPU
		{D16155C3-8DB0-4352-89EE-6D54435B0C48}.AppStore|Any CPU.Build.0 = Release|Any CPU
		{D16155C3-8DB0-4352-89EE-6D54435B0C48}.AppStore|Any CPU.Deploy.0 = Release|Any CPU
		{D16155C3-8DB0-4352-89EE-6D54435B0C48}.AppStore|ARM.ActiveCfg = Release|Any CPU
		{D16155C3-8DB0-4352-89EE-6D54435B0C48}.AppStore|iPhone.ActiveCfg = Release|Any CPU
		{D16155C3-8DB0-4352-89EE-6D54435B0C48}.AppStore|iPhoneSimulator.ActiveCfg = Release|Any CPU
		{D16155C3-8DB0-4352-89EE-6D54435B0C48}.AppStore|Mixed Platforms.ActiveCfg = Release|Any CPU
		{D16155C3-8DB0-4352-89EE-6D54435B0C48}.AppStore|Mixed Platforms.Build.0 = Release|Any CPU
		{D16155C3-8DB0-4352-89EE-6D54435B0C48}.AppStore|Mixed Platforms.Deploy.0 = Release|Any CPU
		{D16155C3-8DB0-4352-89EE-6D54435B0C48}.AppStore|x64.ActiveCfg = Release|Any CPU
		{D16155C3-8DB0-4352-89EE-6D54435B0C48}.AppStore|x86.ActiveCfg = Release|Any CPU
		{D16155C3-8DB0-4352-89EE-6D54435B0C48}.Debug|Any CPU.ActiveCfg = Debug|Any CPU
		{D16155C3-8DB0-4352-89EE-6D54435B0C48}.Debug|Any CPU.Build.0 = Debug|Any CPU
		{D16155C3-8DB0-4352-89EE-6D54435B0C48}.Debug|Any CPU.Deploy.0 = Debug|Any CPU
		{D16155C3-8DB0-4352-89EE-6D54435B0C48}.Debug|ARM.ActiveCfg = Debug|Any CPU
		{D16155C3-8DB0-4352-89EE-6D54435B0C48}.Debug|iPhone.ActiveCfg = Debug|Any CPU
		{D16155C3-8DB0-4352-89EE-6D54435B0C48}.Debug|iPhoneSimulator.ActiveCfg = Debug|Any CPU
		{D16155C3-8DB0-4352-89EE-6D54435B0C48}.Debug|Mixed Platforms.ActiveCfg = Debug|Any CPU
		{D16155C3-8DB0-4352-89EE-6D54435B0C48}.Debug|Mixed Platforms.Build.0 = Debug|Any CPU
		{D16155C3-8DB0-4352-89EE-6D54435B0C48}.Debug|Mixed Platforms.Deploy.0 = Debug|Any CPU
		{D16155C3-8DB0-4352-89EE-6D54435B0C48}.Debug|x64.ActiveCfg = Debug|Any CPU
		{D16155C3-8DB0-4352-89EE-6D54435B0C48}.Debug|x86.ActiveCfg = Debug|Any CPU
		{D16155C3-8DB0-4352-89EE-6D54435B0C48}.Release|Any CPU.ActiveCfg = Release|Any CPU
		{D16155C3-8DB0-4352-89EE-6D54435B0C48}.Release|Any CPU.Build.0 = Release|Any CPU
		{D16155C3-8DB0-4352-89EE-6D54435B0C48}.Release|Any CPU.Deploy.0 = Release|Any CPU
		{D16155C3-8DB0-4352-89EE-6D54435B0C48}.Release|ARM.ActiveCfg = Release|Any CPU
		{D16155C3-8DB0-4352-89EE-6D54435B0C48}.Release|iPhone.ActiveCfg = Release|Any CPU
		{D16155C3-8DB0-4352-89EE-6D54435B0C48}.Release|iPhoneSimulator.ActiveCfg = Release|Any CPU
		{D16155C3-8DB0-4352-89EE-6D54435B0C48}.Release|Mixed Platforms.ActiveCfg = Release|Any CPU
		{D16155C3-8DB0-4352-89EE-6D54435B0C48}.Release|Mixed Platforms.Build.0 = Release|Any CPU
		{D16155C3-8DB0-4352-89EE-6D54435B0C48}.Release|Mixed Platforms.Deploy.0 = Release|Any CPU
		{D16155C3-8DB0-4352-89EE-6D54435B0C48}.Release|x64.ActiveCfg = Release|Any CPU
		{D16155C3-8DB0-4352-89EE-6D54435B0C48}.Release|x86.ActiveCfg = Release|Any CPU
		{BDDAA02D-B50F-45FB-9CC3-7B2C024ADE7C}.Ad-Hoc|Any CPU.ActiveCfg = Ad-Hoc|iPhone
		{BDDAA02D-B50F-45FB-9CC3-7B2C024ADE7C}.Ad-Hoc|ARM.ActiveCfg = Ad-Hoc|iPhone
		{BDDAA02D-B50F-45FB-9CC3-7B2C024ADE7C}.Ad-Hoc|iPhone.ActiveCfg = Ad-Hoc|iPhone
		{BDDAA02D-B50F-45FB-9CC3-7B2C024ADE7C}.Ad-Hoc|iPhone.Build.0 = Ad-Hoc|iPhone
		{BDDAA02D-B50F-45FB-9CC3-7B2C024ADE7C}.Ad-Hoc|iPhone.Deploy.0 = Ad-Hoc|iPhone
		{BDDAA02D-B50F-45FB-9CC3-7B2C024ADE7C}.Ad-Hoc|iPhoneSimulator.ActiveCfg = Ad-Hoc|iPhoneSimulator
		{BDDAA02D-B50F-45FB-9CC3-7B2C024ADE7C}.Ad-Hoc|iPhoneSimulator.Build.0 = Ad-Hoc|iPhoneSimulator
		{BDDAA02D-B50F-45FB-9CC3-7B2C024ADE7C}.Ad-Hoc|iPhoneSimulator.Deploy.0 = Ad-Hoc|iPhoneSimulator
		{BDDAA02D-B50F-45FB-9CC3-7B2C024ADE7C}.Ad-Hoc|Mixed Platforms.ActiveCfg = Ad-Hoc|iPhone
		{BDDAA02D-B50F-45FB-9CC3-7B2C024ADE7C}.Ad-Hoc|Mixed Platforms.Build.0 = Ad-Hoc|iPhone
		{BDDAA02D-B50F-45FB-9CC3-7B2C024ADE7C}.Ad-Hoc|Mixed Platforms.Deploy.0 = Ad-Hoc|iPhone
		{BDDAA02D-B50F-45FB-9CC3-7B2C024ADE7C}.Ad-Hoc|x64.ActiveCfg = Ad-Hoc|iPhone
		{BDDAA02D-B50F-45FB-9CC3-7B2C024ADE7C}.Ad-Hoc|x86.ActiveCfg = Ad-Hoc|iPhone
		{BDDAA02D-B50F-45FB-9CC3-7B2C024ADE7C}.AppStore|Any CPU.ActiveCfg = AppStore|iPhone
		{BDDAA02D-B50F-45FB-9CC3-7B2C024ADE7C}.AppStore|ARM.ActiveCfg = AppStore|iPhone
		{BDDAA02D-B50F-45FB-9CC3-7B2C024ADE7C}.AppStore|iPhone.ActiveCfg = AppStore|iPhone
		{BDDAA02D-B50F-45FB-9CC3-7B2C024ADE7C}.AppStore|iPhone.Build.0 = AppStore|iPhone
		{BDDAA02D-B50F-45FB-9CC3-7B2C024ADE7C}.AppStore|iPhone.Deploy.0 = AppStore|iPhone
		{BDDAA02D-B50F-45FB-9CC3-7B2C024ADE7C}.AppStore|iPhoneSimulator.ActiveCfg = AppStore|iPhoneSimulator
		{BDDAA02D-B50F-45FB-9CC3-7B2C024ADE7C}.AppStore|iPhoneSimulator.Build.0 = AppStore|iPhoneSimulator
		{BDDAA02D-B50F-45FB-9CC3-7B2C024ADE7C}.AppStore|iPhoneSimulator.Deploy.0 = AppStore|iPhoneSimulator
		{BDDAA02D-B50F-45FB-9CC3-7B2C024ADE7C}.AppStore|Mixed Platforms.ActiveCfg = AppStore|iPhone
		{BDDAA02D-B50F-45FB-9CC3-7B2C024ADE7C}.AppStore|Mixed Platforms.Build.0 = AppStore|iPhone
		{BDDAA02D-B50F-45FB-9CC3-7B2C024ADE7C}.AppStore|Mixed Platforms.Deploy.0 = AppStore|iPhone
		{BDDAA02D-B50F-45FB-9CC3-7B2C024ADE7C}.AppStore|x64.ActiveCfg = AppStore|iPhone
		{BDDAA02D-B50F-45FB-9CC3-7B2C024ADE7C}.AppStore|x86.ActiveCfg = AppStore|iPhone
		{BDDAA02D-B50F-45FB-9CC3-7B2C024ADE7C}.Debug|Any CPU.ActiveCfg = Debug|iPhone
		{BDDAA02D-B50F-45FB-9CC3-7B2C024ADE7C}.Debug|ARM.ActiveCfg = Debug|iPhone
		{BDDAA02D-B50F-45FB-9CC3-7B2C024ADE7C}.Debug|iPhone.ActiveCfg = Debug|iPhone
		{BDDAA02D-B50F-45FB-9CC3-7B2C024ADE7C}.Debug|iPhone.Build.0 = Debug|iPhone
		{BDDAA02D-B50F-45FB-9CC3-7B2C024ADE7C}.Debug|iPhone.Deploy.0 = Debug|iPhone
		{BDDAA02D-B50F-45FB-9CC3-7B2C024ADE7C}.Debug|iPhoneSimulator.ActiveCfg = Debug|iPhoneSimulator
		{BDDAA02D-B50F-45FB-9CC3-7B2C024ADE7C}.Debug|iPhoneSimulator.Build.0 = Debug|iPhoneSimulator
		{BDDAA02D-B50F-45FB-9CC3-7B2C024ADE7C}.Debug|iPhoneSimulator.Deploy.0 = Debug|iPhoneSimulator
		{BDDAA02D-B50F-45FB-9CC3-7B2C024ADE7C}.Debug|Mixed Platforms.ActiveCfg = Debug|iPhoneSimulator
		{BDDAA02D-B50F-45FB-9CC3-7B2C024ADE7C}.Debug|Mixed Platforms.Build.0 = Debug|iPhoneSimulator
		{BDDAA02D-B50F-45FB-9CC3-7B2C024ADE7C}.Debug|Mixed Platforms.Deploy.0 = Debug|iPhoneSimulator
		{BDDAA02D-B50F-45FB-9CC3-7B2C024ADE7C}.Debug|x64.ActiveCfg = Debug|iPhone
		{BDDAA02D-B50F-45FB-9CC3-7B2C024ADE7C}.Debug|x86.ActiveCfg = Debug|iPhone
		{BDDAA02D-B50F-45FB-9CC3-7B2C024ADE7C}.Release|Any CPU.ActiveCfg = Release|iPhone
		{BDDAA02D-B50F-45FB-9CC3-7B2C024ADE7C}.Release|ARM.ActiveCfg = Release|iPhone
		{BDDAA02D-B50F-45FB-9CC3-7B2C024ADE7C}.Release|iPhone.ActiveCfg = Release|iPhone
		{BDDAA02D-B50F-45FB-9CC3-7B2C024ADE7C}.Release|iPhone.Build.0 = Release|iPhone
		{BDDAA02D-B50F-45FB-9CC3-7B2C024ADE7C}.Release|iPhone.Deploy.0 = Release|iPhone
		{BDDAA02D-B50F-45FB-9CC3-7B2C024ADE7C}.Release|iPhoneSimulator.ActiveCfg = Release|iPhoneSimulator
		{BDDAA02D-B50F-45FB-9CC3-7B2C024ADE7C}.Release|iPhoneSimulator.Build.0 = Release|iPhoneSimulator
		{BDDAA02D-B50F-45FB-9CC3-7B2C024ADE7C}.Release|iPhoneSimulator.Deploy.0 = Release|iPhoneSimulator
		{BDDAA02D-B50F-45FB-9CC3-7B2C024ADE7C}.Release|Mixed Platforms.ActiveCfg = Release|iPhone
		{BDDAA02D-B50F-45FB-9CC3-7B2C024ADE7C}.Release|Mixed Platforms.Build.0 = Release|iPhone
		{BDDAA02D-B50F-45FB-9CC3-7B2C024ADE7C}.Release|Mixed Platforms.Deploy.0 = Release|iPhone
		{BDDAA02D-B50F-45FB-9CC3-7B2C024ADE7C}.Release|x64.ActiveCfg = Release|iPhone
		{BDDAA02D-B50F-45FB-9CC3-7B2C024ADE7C}.Release|x86.ActiveCfg = Release|iPhone
		{7EE1998E-D410-4BFD-B395-D9281CA44CF0}.Ad-Hoc|Any CPU.ActiveCfg = Release|Any CPU
		{7EE1998E-D410-4BFD-B395-D9281CA44CF0}.Ad-Hoc|Any CPU.Build.0 = Release|Any CPU
		{7EE1998E-D410-4BFD-B395-D9281CA44CF0}.Ad-Hoc|Any CPU.Deploy.0 = Release|Any CPU
		{7EE1998E-D410-4BFD-B395-D9281CA44CF0}.Ad-Hoc|ARM.ActiveCfg = Release|ARM
		{7EE1998E-D410-4BFD-B395-D9281CA44CF0}.Ad-Hoc|ARM.Build.0 = Release|ARM
		{7EE1998E-D410-4BFD-B395-D9281CA44CF0}.Ad-Hoc|ARM.Deploy.0 = Release|ARM
		{7EE1998E-D410-4BFD-B395-D9281CA44CF0}.Ad-Hoc|iPhone.ActiveCfg = Release|Any CPU
		{7EE1998E-D410-4BFD-B395-D9281CA44CF0}.Ad-Hoc|iPhoneSimulator.ActiveCfg = Release|Any CPU
		{7EE1998E-D410-4BFD-B395-D9281CA44CF0}.Ad-Hoc|Mixed Platforms.ActiveCfg = Release|x86
		{7EE1998E-D410-4BFD-B395-D9281CA44CF0}.Ad-Hoc|Mixed Platforms.Build.0 = Release|x86
		{7EE1998E-D410-4BFD-B395-D9281CA44CF0}.Ad-Hoc|Mixed Platforms.Deploy.0 = Release|x86
		{7EE1998E-D410-4BFD-B395-D9281CA44CF0}.Ad-Hoc|x64.ActiveCfg = Release|Any CPU
		{7EE1998E-D410-4BFD-B395-D9281CA44CF0}.Ad-Hoc|x86.ActiveCfg = Release|x86
		{7EE1998E-D410-4BFD-B395-D9281CA44CF0}.Ad-Hoc|x86.Build.0 = Release|x86
		{7EE1998E-D410-4BFD-B395-D9281CA44CF0}.Ad-Hoc|x86.Deploy.0 = Release|x86
		{7EE1998E-D410-4BFD-B395-D9281CA44CF0}.AppStore|Any CPU.ActiveCfg = Release|Any CPU
		{7EE1998E-D410-4BFD-B395-D9281CA44CF0}.AppStore|Any CPU.Build.0 = Release|Any CPU
		{7EE1998E-D410-4BFD-B395-D9281CA44CF0}.AppStore|Any CPU.Deploy.0 = Release|Any CPU
		{7EE1998E-D410-4BFD-B395-D9281CA44CF0}.AppStore|ARM.ActiveCfg = Release|ARM
		{7EE1998E-D410-4BFD-B395-D9281CA44CF0}.AppStore|ARM.Build.0 = Release|ARM
		{7EE1998E-D410-4BFD-B395-D9281CA44CF0}.AppStore|ARM.Deploy.0 = Release|ARM
		{7EE1998E-D410-4BFD-B395-D9281CA44CF0}.AppStore|iPhone.ActiveCfg = Release|Any CPU
		{7EE1998E-D410-4BFD-B395-D9281CA44CF0}.AppStore|iPhoneSimulator.ActiveCfg = Release|Any CPU
		{7EE1998E-D410-4BFD-B395-D9281CA44CF0}.AppStore|Mixed Platforms.ActiveCfg = Release|x86
		{7EE1998E-D410-4BFD-B395-D9281CA44CF0}.AppStore|Mixed Platforms.Build.0 = Release|x86
		{7EE1998E-D410-4BFD-B395-D9281CA44CF0}.AppStore|Mixed Platforms.Deploy.0 = Release|x86
		{7EE1998E-D410-4BFD-B395-D9281CA44CF0}.AppStore|x64.ActiveCfg = Release|Any CPU
		{7EE1998E-D410-4BFD-B395-D9281CA44CF0}.AppStore|x86.ActiveCfg = Release|x86
		{7EE1998E-D410-4BFD-B395-D9281CA44CF0}.AppStore|x86.Build.0 = Release|x86
		{7EE1998E-D410-4BFD-B395-D9281CA44CF0}.AppStore|x86.Deploy.0 = Release|x86
		{7EE1998E-D410-4BFD-B395-D9281CA44CF0}.Debug|Any CPU.ActiveCfg = Debug|Any CPU
		{7EE1998E-D410-4BFD-B395-D9281CA44CF0}.Debug|Any CPU.Build.0 = Debug|Any CPU
		{7EE1998E-D410-4BFD-B395-D9281CA44CF0}.Debug|Any CPU.Deploy.0 = Debug|Any CPU
		{7EE1998E-D410-4BFD-B395-D9281CA44CF0}.Debug|ARM.ActiveCfg = Debug|ARM
		{7EE1998E-D410-4BFD-B395-D9281CA44CF0}.Debug|ARM.Build.0 = Debug|ARM
		{7EE1998E-D410-4BFD-B395-D9281CA44CF0}.Debug|ARM.Deploy.0 = Debug|ARM
		{7EE1998E-D410-4BFD-B395-D9281CA44CF0}.Debug|iPhone.ActiveCfg = Debug|Any CPU
		{7EE1998E-D410-4BFD-B395-D9281CA44CF0}.Debug|iPhoneSimulator.ActiveCfg = Debug|Any CPU
		{7EE1998E-D410-4BFD-B395-D9281CA44CF0}.Debug|Mixed Platforms.ActiveCfg = Debug|x86
		{7EE1998E-D410-4BFD-B395-D9281CA44CF0}.Debug|Mixed Platforms.Build.0 = Debug|x86
		{7EE1998E-D410-4BFD-B395-D9281CA44CF0}.Debug|Mixed Platforms.Deploy.0 = Debug|x86
		{7EE1998E-D410-4BFD-B395-D9281CA44CF0}.Debug|x64.ActiveCfg = Debug|Any CPU
		{7EE1998E-D410-4BFD-B395-D9281CA44CF0}.Debug|x86.ActiveCfg = Debug|x86
		{7EE1998E-D410-4BFD-B395-D9281CA44CF0}.Debug|x86.Build.0 = Debug|x86
		{7EE1998E-D410-4BFD-B395-D9281CA44CF0}.Debug|x86.Deploy.0 = Debug|x86
		{7EE1998E-D410-4BFD-B395-D9281CA44CF0}.Release|Any CPU.ActiveCfg = Release|Any CPU
		{7EE1998E-D410-4BFD-B395-D9281CA44CF0}.Release|Any CPU.Build.0 = Release|Any CPU
		{7EE1998E-D410-4BFD-B395-D9281CA44CF0}.Release|Any CPU.Deploy.0 = Release|Any CPU
		{7EE1998E-D410-4BFD-B395-D9281CA44CF0}.Release|ARM.ActiveCfg = Release|ARM
		{7EE1998E-D410-4BFD-B395-D9281CA44CF0}.Release|ARM.Build.0 = Release|ARM
		{7EE1998E-D410-4BFD-B395-D9281CA44CF0}.Release|ARM.Deploy.0 = Release|ARM
		{7EE1998E-D410-4BFD-B395-D9281CA44CF0}.Release|iPhone.ActiveCfg = Release|Any CPU
		{7EE1998E-D410-4BFD-B395-D9281CA44CF0}.Release|iPhoneSimulator.ActiveCfg = Release|Any CPU
		{7EE1998E-D410-4BFD-B395-D9281CA44CF0}.Release|Mixed Platforms.ActiveCfg = Release|x86
		{7EE1998E-D410-4BFD-B395-D9281CA44CF0}.Release|Mixed Platforms.Build.0 = Release|x86
		{7EE1998E-D410-4BFD-B395-D9281CA44CF0}.Release|Mixed Platforms.Deploy.0 = Release|x86
		{7EE1998E-D410-4BFD-B395-D9281CA44CF0}.Release|x64.ActiveCfg = Release|Any CPU
		{7EE1998E-D410-4BFD-B395-D9281CA44CF0}.Release|x86.ActiveCfg = Release|x86
		{7EE1998E-D410-4BFD-B395-D9281CA44CF0}.Release|x86.Build.0 = Release|x86
		{7EE1998E-D410-4BFD-B395-D9281CA44CF0}.Release|x86.Deploy.0 = Release|x86
		{25A8A7E2-CED5-4D80-BD89-2D9F8BDB60FF}.Ad-Hoc|Any CPU.ActiveCfg = Release|Any CPU
		{25A8A7E2-CED5-4D80-BD89-2D9F8BDB60FF}.Ad-Hoc|Any CPU.Build.0 = Release|Any CPU
		{25A8A7E2-CED5-4D80-BD89-2D9F8BDB60FF}.Ad-Hoc|Any CPU.Deploy.0 = Release|Any CPU
		{25A8A7E2-CED5-4D80-BD89-2D9F8BDB60FF}.Ad-Hoc|ARM.ActiveCfg = Release|ARM
		{25A8A7E2-CED5-4D80-BD89-2D9F8BDB60FF}.Ad-Hoc|ARM.Build.0 = Release|ARM
		{25A8A7E2-CED5-4D80-BD89-2D9F8BDB60FF}.Ad-Hoc|ARM.Deploy.0 = Release|ARM
		{25A8A7E2-CED5-4D80-BD89-2D9F8BDB60FF}.Ad-Hoc|iPhone.ActiveCfg = Release|Any CPU
		{25A8A7E2-CED5-4D80-BD89-2D9F8BDB60FF}.Ad-Hoc|iPhoneSimulator.ActiveCfg = Release|Any CPU
		{25A8A7E2-CED5-4D80-BD89-2D9F8BDB60FF}.Ad-Hoc|Mixed Platforms.ActiveCfg = Release|x86
		{25A8A7E2-CED5-4D80-BD89-2D9F8BDB60FF}.Ad-Hoc|Mixed Platforms.Build.0 = Release|x86
		{25A8A7E2-CED5-4D80-BD89-2D9F8BDB60FF}.Ad-Hoc|Mixed Platforms.Deploy.0 = Release|x86
		{25A8A7E2-CED5-4D80-BD89-2D9F8BDB60FF}.Ad-Hoc|x64.ActiveCfg = Release|x64
		{25A8A7E2-CED5-4D80-BD89-2D9F8BDB60FF}.Ad-Hoc|x64.Build.0 = Release|x64
		{25A8A7E2-CED5-4D80-BD89-2D9F8BDB60FF}.Ad-Hoc|x64.Deploy.0 = Release|x64
		{25A8A7E2-CED5-4D80-BD89-2D9F8BDB60FF}.Ad-Hoc|x86.ActiveCfg = Release|x86
		{25A8A7E2-CED5-4D80-BD89-2D9F8BDB60FF}.Ad-Hoc|x86.Build.0 = Release|x86
		{25A8A7E2-CED5-4D80-BD89-2D9F8BDB60FF}.Ad-Hoc|x86.Deploy.0 = Release|x86
		{25A8A7E2-CED5-4D80-BD89-2D9F8BDB60FF}.AppStore|Any CPU.ActiveCfg = Release|Any CPU
		{25A8A7E2-CED5-4D80-BD89-2D9F8BDB60FF}.AppStore|Any CPU.Build.0 = Release|Any CPU
		{25A8A7E2-CED5-4D80-BD89-2D9F8BDB60FF}.AppStore|Any CPU.Deploy.0 = Release|Any CPU
		{25A8A7E2-CED5-4D80-BD89-2D9F8BDB60FF}.AppStore|ARM.ActiveCfg = Release|ARM
		{25A8A7E2-CED5-4D80-BD89-2D9F8BDB60FF}.AppStore|ARM.Build.0 = Release|ARM
		{25A8A7E2-CED5-4D80-BD89-2D9F8BDB60FF}.AppStore|ARM.Deploy.0 = Release|ARM
		{25A8A7E2-CED5-4D80-BD89-2D9F8BDB60FF}.AppStore|iPhone.ActiveCfg = Release|Any CPU
		{25A8A7E2-CED5-4D80-BD89-2D9F8BDB60FF}.AppStore|iPhoneSimulator.ActiveCfg = Release|Any CPU
		{25A8A7E2-CED5-4D80-BD89-2D9F8BDB60FF}.AppStore|Mixed Platforms.ActiveCfg = Release|x86
		{25A8A7E2-CED5-4D80-BD89-2D9F8BDB60FF}.AppStore|Mixed Platforms.Build.0 = Release|x86
		{25A8A7E2-CED5-4D80-BD89-2D9F8BDB60FF}.AppStore|Mixed Platforms.Deploy.0 = Release|x86
		{25A8A7E2-CED5-4D80-BD89-2D9F8BDB60FF}.AppStore|x64.ActiveCfg = Release|x64
		{25A8A7E2-CED5-4D80-BD89-2D9F8BDB60FF}.AppStore|x64.Build.0 = Release|x64
		{25A8A7E2-CED5-4D80-BD89-2D9F8BDB60FF}.AppStore|x64.Deploy.0 = Release|x64
		{25A8A7E2-CED5-4D80-BD89-2D9F8BDB60FF}.AppStore|x86.ActiveCfg = Release|x86
		{25A8A7E2-CED5-4D80-BD89-2D9F8BDB60FF}.AppStore|x86.Build.0 = Release|x86
		{25A8A7E2-CED5-4D80-BD89-2D9F8BDB60FF}.AppStore|x86.Deploy.0 = Release|x86
		{25A8A7E2-CED5-4D80-BD89-2D9F8BDB60FF}.Debug|Any CPU.ActiveCfg = Debug|Any CPU
		{25A8A7E2-CED5-4D80-BD89-2D9F8BDB60FF}.Debug|Any CPU.Build.0 = Debug|Any CPU
		{25A8A7E2-CED5-4D80-BD89-2D9F8BDB60FF}.Debug|Any CPU.Deploy.0 = Debug|Any CPU
		{25A8A7E2-CED5-4D80-BD89-2D9F8BDB60FF}.Debug|ARM.ActiveCfg = Debug|ARM
		{25A8A7E2-CED5-4D80-BD89-2D9F8BDB60FF}.Debug|ARM.Build.0 = Debug|ARM
		{25A8A7E2-CED5-4D80-BD89-2D9F8BDB60FF}.Debug|ARM.Deploy.0 = Debug|ARM
		{25A8A7E2-CED5-4D80-BD89-2D9F8BDB60FF}.Debug|iPhone.ActiveCfg = Debug|Any CPU
		{25A8A7E2-CED5-4D80-BD89-2D9F8BDB60FF}.Debug|iPhoneSimulator.ActiveCfg = Debug|Any CPU
		{25A8A7E2-CED5-4D80-BD89-2D9F8BDB60FF}.Debug|Mixed Platforms.ActiveCfg = Debug|x86
		{25A8A7E2-CED5-4D80-BD89-2D9F8BDB60FF}.Debug|Mixed Platforms.Build.0 = Debug|x86
		{25A8A7E2-CED5-4D80-BD89-2D9F8BDB60FF}.Debug|Mixed Platforms.Deploy.0 = Debug|x86
		{25A8A7E2-CED5-4D80-BD89-2D9F8BDB60FF}.Debug|x64.ActiveCfg = Debug|x64
		{25A8A7E2-CED5-4D80-BD89-2D9F8BDB60FF}.Debug|x64.Build.0 = Debug|x64
		{25A8A7E2-CED5-4D80-BD89-2D9F8BDB60FF}.Debug|x64.Deploy.0 = Debug|x64
		{25A8A7E2-CED5-4D80-BD89-2D9F8BDB60FF}.Debug|x86.ActiveCfg = Debug|x86
		{25A8A7E2-CED5-4D80-BD89-2D9F8BDB60FF}.Debug|x86.Build.0 = Debug|x86
		{25A8A7E2-CED5-4D80-BD89-2D9F8BDB60FF}.Debug|x86.Deploy.0 = Debug|x86
		{25A8A7E2-CED5-4D80-BD89-2D9F8BDB60FF}.Release|Any CPU.ActiveCfg = Release|Any CPU
		{25A8A7E2-CED5-4D80-BD89-2D9F8BDB60FF}.Release|Any CPU.Build.0 = Release|Any CPU
		{25A8A7E2-CED5-4D80-BD89-2D9F8BDB60FF}.Release|Any CPU.Deploy.0 = Release|Any CPU
		{25A8A7E2-CED5-4D80-BD89-2D9F8BDB60FF}.Release|ARM.ActiveCfg = Release|ARM
		{25A8A7E2-CED5-4D80-BD89-2D9F8BDB60FF}.Release|ARM.Build.0 = Release|ARM
		{25A8A7E2-CED5-4D80-BD89-2D9F8BDB60FF}.Release|ARM.Deploy.0 = Release|ARM
		{25A8A7E2-CED5-4D80-BD89-2D9F8BDB60FF}.Release|iPhone.ActiveCfg = Release|Any CPU
		{25A8A7E2-CED5-4D80-BD89-2D9F8BDB60FF}.Release|iPhoneSimulator.ActiveCfg = Release|Any CPU
		{25A8A7E2-CED5-4D80-BD89-2D9F8BDB60FF}.Release|Mixed Platforms.ActiveCfg = Release|x86
		{25A8A7E2-CED5-4D80-BD89-2D9F8BDB60FF}.Release|Mixed Platforms.Build.0 = Release|x86
		{25A8A7E2-CED5-4D80-BD89-2D9F8BDB60FF}.Release|Mixed Platforms.Deploy.0 = Release|x86
		{25A8A7E2-CED5-4D80-BD89-2D9F8BDB60FF}.Release|x64.ActiveCfg = Release|x64
		{25A8A7E2-CED5-4D80-BD89-2D9F8BDB60FF}.Release|x64.Build.0 = Release|x64
		{25A8A7E2-CED5-4D80-BD89-2D9F8BDB60FF}.Release|x64.Deploy.0 = Release|x64
		{25A8A7E2-CED5-4D80-BD89-2D9F8BDB60FF}.Release|x86.ActiveCfg = Release|x86
		{25A8A7E2-CED5-4D80-BD89-2D9F8BDB60FF}.Release|x86.Build.0 = Release|x86
		{25A8A7E2-CED5-4D80-BD89-2D9F8BDB60FF}.Release|x86.Deploy.0 = Release|x86
	EndGlobalSection
	GlobalSection(SolutionProperties) = preSolution
		HideSolutionNode = FALSE
	EndGlobalSection
EndGlobal
